// !$*UTF8*$!
{
	archiveVersion = 1;
	classes = {
	};
	objectVersion = 46;
	objects = {

/* Begin PBXBuildFile section */
		4C2F79B41EC476C7002D7AC3 /* libopencv_imgproc.3.2.0.dylib in Frameworks */ = {isa = PBXBuildFile; fileRef = 4C2F79B31EC476C7002D7AC3 /* libopencv_imgproc.3.2.0.dylib */; };
		4C2F79B81EC47861002D7AC3 /* libopencv_videoio.3.2.0.dylib in Frameworks */ = {isa = PBXBuildFile; fileRef = 4C2F79B71EC47861002D7AC3 /* libopencv_videoio.3.2.0.dylib */; };
		4C2F79BA1EC4787B002D7AC3 /* libopencv_video.3.2.0.dylib in Frameworks */ = {isa = PBXBuildFile; fileRef = 4C2F79B91EC4787B002D7AC3 /* libopencv_video.3.2.0.dylib */; };
		4C2F79BC1EC4789A002D7AC3 /* libopencv_calib3d.3.2.0.dylib in Frameworks */ = {isa = PBXBuildFile; fileRef = 4C2F79BB1EC4789A002D7AC3 /* libopencv_calib3d.3.2.0.dylib */; };
		4C2FC7F61EC0100E0098F89F /* libopencv_imgcodecs.3.2.0.dylib in Frameworks */ = {isa = PBXBuildFile; fileRef = 4C2FC7F51EC0100E0098F89F /* libopencv_imgcodecs.3.2.0.dylib */; };
		4C505FFE1EBC4A9A004A08B9 /* lab_boosted_classifier.cpp in Sources */ = {isa = PBXBuildFile; fileRef = 4C505FEE1EBC4A99004A08B9 /* lab_boosted_classifier.cpp */; };
		4C505FFF1EBC4A9A004A08B9 /* mlp.cpp in Sources */ = {isa = PBXBuildFile; fileRef = 4C505FEF1EBC4A99004A08B9 /* mlp.cpp */; };
		4C5060001EBC4A9A004A08B9 /* surf_mlp.cpp in Sources */ = {isa = PBXBuildFile; fileRef = 4C505FF01EBC4A99004A08B9 /* surf_mlp.cpp */; };
		4C5060011EBC4A9A004A08B9 /* face_detection.cpp in Sources */ = {isa = PBXBuildFile; fileRef = 4C505FF11EBC4A99004A08B9 /* face_detection.cpp */; };
		4C5060021EBC4A9A004A08B9 /* lab_feature_map.cpp in Sources */ = {isa = PBXBuildFile; fileRef = 4C505FF31EBC4A99004A08B9 /* lab_feature_map.cpp */; };
		4C5060031EBC4A9A004A08B9 /* surf_feature_map.cpp in Sources */ = {isa = PBXBuildFile; fileRef = 4C505FF41EBC4A99004A08B9 /* surf_feature_map.cpp */; };
		4C5060041EBC4A9A004A08B9 /* fust.cpp in Sources */ = {isa = PBXBuildFile; fileRef = 4C505FF51EBC4A99004A08B9 /* fust.cpp */; };
		4C5060051EBC4A9A004A08B9 /* lab_boost_model_reader.cpp in Sources */ = {isa = PBXBuildFile; fileRef = 4C505FF71EBC4A99004A08B9 /* lab_boost_model_reader.cpp */; };
		4C5060061EBC4A9A004A08B9 /* surf_mlp_model_reader.cpp in Sources */ = {isa = PBXBuildFile; fileRef = 4C505FF81EBC4A99004A08B9 /* surf_mlp_model_reader.cpp */; };
		4C5060081EBC4A9A004A08B9 /* image_pyramid.cpp in Sources */ = {isa = PBXBuildFile; fileRef = 4C505FFC1EBC4A99004A08B9 /* image_pyramid.cpp */; };
		4C5060091EBC4A9A004A08B9 /* nms.cpp in Sources */ = {isa = PBXBuildFile; fileRef = 4C505FFD1EBC4A99004A08B9 /* nms.cpp */; };
		4CA4999B1ECAEBA8005D1368 /* libfreetype.6.dylib in Frameworks */ = {isa = PBXBuildFile; fileRef = 4CA4999A1ECAEBA8005D1368 /* libfreetype.6.dylib */; };
		4CF61DEE1EC55B2E00B75E1F /* LivenessDetection.cpp in Sources */ = {isa = PBXBuildFile; fileRef = 4CF61DEC1EC55B2E00B75E1F /* LivenessDetection.cpp */; };
		4CFF5EE11EBAFC3E002F4DA8 /* LivenessDetection.cpp in Sources */ = {isa = PBXBuildFile; fileRef = 4CFF5EE01EBAFC3E002F4DA8 /* LivenessDetection.cpp */; };
		4CFF5F591EBAFCB3002F4DA8 /* CCNF_patch_expert.cpp in Sources */ = {isa = PBXBuildFile; fileRef = 4CFF5F4E1EBAFCB3002F4DA8 /* CCNF_patch_expert.cpp */; };
		4CFF5F5A1EBAFCB3002F4DA8 /* LandmarkDetectionValidator.cpp in Sources */ = {isa = PBXBuildFile; fileRef = 4CFF5F4F1EBAFCB3002F4DA8 /* LandmarkDetectionValidator.cpp */; };
		4CFF5F5B1EBAFCB3002F4DA8 /* LandmarkDetectorFunc.cpp in Sources */ = {isa = PBXBuildFile; fileRef = 4CFF5F501EBAFCB3002F4DA8 /* LandmarkDetectorFunc.cpp */; };
		4CFF5F5C1EBAFCB3002F4DA8 /* LandmarkDetectorModel.cpp in Sources */ = {isa = PBXBuildFile; fileRef = 4CFF5F511EBAFCB3002F4DA8 /* LandmarkDetectorModel.cpp */; };
		4CFF5F5D1EBAFCB3002F4DA8 /* LandmarkDetectorParameters.cpp in Sources */ = {isa = PBXBuildFile; fileRef = 4CFF5F521EBAFCB3002F4DA8 /* LandmarkDetectorParameters.cpp */; };
		4CFF5F5E1EBAFCB3002F4DA8 /* LandmarkDetectorUtils.cpp in Sources */ = {isa = PBXBuildFile; fileRef = 4CFF5F531EBAFCB3002F4DA8 /* LandmarkDetectorUtils.cpp */; };
		4CFF5F5F1EBAFCB3002F4DA8 /* Patch_experts.cpp in Sources */ = {isa = PBXBuildFile; fileRef = 4CFF5F541EBAFCB3002F4DA8 /* Patch_experts.cpp */; };
		4CFF5F601EBAFCB3002F4DA8 /* PAW.cpp in Sources */ = {isa = PBXBuildFile; fileRef = 4CFF5F551EBAFCB3002F4DA8 /* PAW.cpp */; };
		4CFF5F611EBAFCB3002F4DA8 /* PDM.cpp in Sources */ = {isa = PBXBuildFile; fileRef = 4CFF5F561EBAFCB3002F4DA8 /* PDM.cpp */; };
		4CFF5F621EBAFCB3002F4DA8 /* stdafx.cpp in Sources */ = {isa = PBXBuildFile; fileRef = 4CFF5F571EBAFCB3002F4DA8 /* stdafx.cpp */; };
		4CFF5F631EBAFCB3002F4DA8 /* SVR_patch_expert.cpp in Sources */ = {isa = PBXBuildFile; fileRef = 4CFF5F581EBAFCB3002F4DA8 /* SVR_patch_expert.cpp */; };
		4CFF61681EBB1F35002F4DA8 /* libopencv_core.3.2.0.dylib in Frameworks */ = {isa = PBXBuildFile; fileRef = 4CFF61611EBB1F35002F4DA8 /* libopencv_core.3.2.0.dylib */; };
		4CFF61691EBB1F35002F4DA8 /* libopencv_highgui.3.2.0.dylib in Frameworks */ = {isa = PBXBuildFile; fileRef = 4CFF61621EBB1F35002F4DA8 /* libopencv_highgui.3.2.0.dylib */; };
		4CFF616B1EBB1F35002F4DA8 /* libopencv_objdetect.3.2.0.dylib in Frameworks */ = {isa = PBXBuildFile; fileRef = 4CFF61641EBB1F35002F4DA8 /* libopencv_objdetect.3.2.0.dylib */; };
		4CFF616C1EBB1F35002F4DA8 /* libopencv_optflow.3.2.0.dylib in Frameworks */ = {isa = PBXBuildFile; fileRef = 4CFF61651EBB1F35002F4DA8 /* libopencv_optflow.3.2.0.dylib */; };
/* End PBXBuildFile section */

/* Begin PBXCopyFilesBuildPhase section */
		4CFF5ED41EBAFB75002F4DA8 /* CopyFiles */ = {
			isa = PBXCopyFilesBuildPhase;
			buildActionMask = 2147483647;
			dstPath = /usr/share/man/man1/;
			dstSubfolderSpec = 0;
			files = (
			);
			runOnlyForDeploymentPostprocessing = 1;
		};
/* End PBXCopyFilesBuildPhase section */

/* Begin PBXFileReference section */
		4C2F79B31EC476C7002D7AC3 /* libopencv_imgproc.3.2.0.dylib */ = {isa = PBXFileReference; lastKnownFileType = "compiled.mach-o.dylib"; name = libopencv_imgproc.3.2.0.dylib; path = FaceLivenessDetection/lib/libopencv_imgproc.3.2.0.dylib; sourceTree = "<group>"; };
		4C2F79B71EC47861002D7AC3 /* libopencv_videoio.3.2.0.dylib */ = {isa = PBXFileReference; lastKnownFileType = "compiled.mach-o.dylib"; name = libopencv_videoio.3.2.0.dylib; path = FaceLivenessDetection/lib/libopencv_videoio.3.2.0.dylib; sourceTree = "<group>"; };
		4C2F79B91EC4787B002D7AC3 /* libopencv_video.3.2.0.dylib */ = {isa = PBXFileReference; lastKnownFileType = "compiled.mach-o.dylib"; name = libopencv_video.3.2.0.dylib; path = FaceLivenessDetection/lib/libopencv_video.3.2.0.dylib; sourceTree = "<group>"; };
		4C2F79BB1EC4789A002D7AC3 /* libopencv_calib3d.3.2.0.dylib */ = {isa = PBXFileReference; lastKnownFileType = "compiled.mach-o.dylib"; name = libopencv_calib3d.3.2.0.dylib; path = FaceLivenessDetection/lib/libopencv_calib3d.3.2.0.dylib; sourceTree = "<group>"; };
		4C2FC7F51EC0100E0098F89F /* libopencv_imgcodecs.3.2.0.dylib */ = {isa = PBXFileReference; lastKnownFileType = "compiled.mach-o.dylib"; name = libopencv_imgcodecs.3.2.0.dylib; path = /usr/local/Cellar/opencv3/3.2.0/lib/libopencv_imgcodecs.3.2.0.dylib; sourceTree = "<absolute>"; };
		4C505FEE1EBC4A99004A08B9 /* lab_boosted_classifier.cpp */ = {isa = PBXFileReference; fileEncoding = 4; lastKnownFileType = sourcecode.cpp.cpp; path = lab_boosted_classifier.cpp; sourceTree = "<group>"; };
		4C505FEF1EBC4A99004A08B9 /* mlp.cpp */ = {isa = PBXFileReference; fileEncoding = 4; lastKnownFileType = sourcecode.cpp.cpp; path = mlp.cpp; sourceTree = "<group>"; };
		4C505FF01EBC4A99004A08B9 /* surf_mlp.cpp */ = {isa = PBXFileReference; fileEncoding = 4; lastKnownFileType = sourcecode.cpp.cpp; path = surf_mlp.cpp; sourceTree = "<group>"; };
		4C505FF11EBC4A99004A08B9 /* face_detection.cpp */ = {isa = PBXFileReference; fileEncoding = 4; lastKnownFileType = sourcecode.cpp.cpp; name = face_detection.cpp; path = seetaFace/src/face_detection.cpp; sourceTree = "<group>"; };
		4C505FF31EBC4A99004A08B9 /* lab_feature_map.cpp */ = {isa = PBXFileReference; fileEncoding = 4; lastKnownFileType = sourcecode.cpp.cpp; path = lab_feature_map.cpp; sourceTree = "<group>"; };
		4C505FF41EBC4A99004A08B9 /* surf_feature_map.cpp */ = {isa = PBXFileReference; fileEncoding = 4; lastKnownFileType = sourcecode.cpp.cpp; path = surf_feature_map.cpp; sourceTree = "<group>"; };
		4C505FF51EBC4A99004A08B9 /* fust.cpp */ = {isa = PBXFileReference; fileEncoding = 4; lastKnownFileType = sourcecode.cpp.cpp; name = fust.cpp; path = seetaFace/src/fust.cpp; sourceTree = "<group>"; };
		4C505FF71EBC4A99004A08B9 /* lab_boost_model_reader.cpp */ = {isa = PBXFileReference; fileEncoding = 4; lastKnownFileType = sourcecode.cpp.cpp; path = lab_boost_model_reader.cpp; sourceTree = "<group>"; };
		4C505FF81EBC4A99004A08B9 /* surf_mlp_model_reader.cpp */ = {isa = PBXFileReference; fileEncoding = 4; lastKnownFileType = sourcecode.cpp.cpp; path = surf_mlp_model_reader.cpp; sourceTree = "<group>"; };
		4C505FFC1EBC4A99004A08B9 /* image_pyramid.cpp */ = {isa = PBXFileReference; fileEncoding = 4; lastKnownFileType = sourcecode.cpp.cpp; path = image_pyramid.cpp; sourceTree = "<group>"; };
		4C505FFD1EBC4A99004A08B9 /* nms.cpp */ = {isa = PBXFileReference; fileEncoding = 4; lastKnownFileType = sourcecode.cpp.cpp; path = nms.cpp; sourceTree = "<group>"; };
		4C50600C1EBC4ABF004A08B9 /* lab_boosted_classifier.h */ = {isa = PBXFileReference; fileEncoding = 4; lastKnownFileType = sourcecode.c.h; path = lab_boosted_classifier.h; sourceTree = "<group>"; };
		4C50600D1EBC4ABF004A08B9 /* mlp.h */ = {isa = PBXFileReference; fileEncoding = 4; lastKnownFileType = sourcecode.c.h; path = mlp.h; sourceTree = "<group>"; };
		4C50600E1EBC4ABF004A08B9 /* surf_mlp.h */ = {isa = PBXFileReference; fileEncoding = 4; lastKnownFileType = sourcecode.c.h; path = surf_mlp.h; sourceTree = "<group>"; };
		4C50600F1EBC4ABF004A08B9 /* classifier.h */ = {isa = PBXFileReference; fileEncoding = 4; lastKnownFileType = sourcecode.c.h; name = classifier.h; path = seetaFace/include/classifier.h; sourceTree = "<group>"; };
		4C5060101EBC4ABF004A08B9 /* common.h */ = {isa = PBXFileReference; fileEncoding = 4; lastKnownFileType = sourcecode.c.h; name = common.h; path = seetaFace/include/common.h; sourceTree = "<group>"; };
		4C5060111EBC4ABF004A08B9 /* detector.h */ = {isa = PBXFileReference; fileEncoding = 4; lastKnownFileType = sourcecode.c.h; name = detector.h; path = seetaFace/include/detector.h; sourceTree = "<group>"; };
		4C5060121EBC4ABF004A08B9 /* face_detection.h */ = {isa = PBXFileReference; fileEncoding = 4; lastKnownFileType = sourcecode.c.h; name = face_detection.h; path = seetaFace/include/face_detection.h; sourceTree = "<group>"; };
		4C5060141EBC4ABF004A08B9 /* lab_feature_map.h */ = {isa = PBXFileReference; fileEncoding = 4; lastKnownFileType = sourcecode.c.h; path = lab_feature_map.h; sourceTree = "<group>"; };
		4C5060151EBC4ABF004A08B9 /* surf_feature_map.h */ = {isa = PBXFileReference; fileEncoding = 4; lastKnownFileType = sourcecode.c.h; path = surf_feature_map.h; sourceTree = "<group>"; };
		4C5060161EBC4ABF004A08B9 /* feature_map.h */ = {isa = PBXFileReference; fileEncoding = 4; lastKnownFileType = sourcecode.c.h; name = feature_map.h; path = seetaFace/include/feature_map.h; sourceTree = "<group>"; };
		4C5060171EBC4ABF004A08B9 /* fust.h */ = {isa = PBXFileReference; fileEncoding = 4; lastKnownFileType = sourcecode.c.h; name = fust.h; path = seetaFace/include/fust.h; sourceTree = "<group>"; };
		4C5060191EBC4ABF004A08B9 /* lab_boost_model_reader.h */ = {isa = PBXFileReference; fileEncoding = 4; lastKnownFileType = sourcecode.c.h; path = lab_boost_model_reader.h; sourceTree = "<group>"; };
		4C50601A1EBC4ABF004A08B9 /* surf_mlp_model_reader.h */ = {isa = PBXFileReference; fileEncoding = 4; lastKnownFileType = sourcecode.c.h; path = surf_mlp_model_reader.h; sourceTree = "<group>"; };
		4C50601B1EBC4ABF004A08B9 /* model_reader.h */ = {isa = PBXFileReference; fileEncoding = 4; lastKnownFileType = sourcecode.c.h; name = model_reader.h; path = seetaFace/include/model_reader.h; sourceTree = "<group>"; };
		4C50601D1EBC4ABF004A08B9 /* image_pyramid.h */ = {isa = PBXFileReference; fileEncoding = 4; lastKnownFileType = sourcecode.c.h; path = image_pyramid.h; sourceTree = "<group>"; };
		4C50601E1EBC4ABF004A08B9 /* math_func.h */ = {isa = PBXFileReference; fileEncoding = 4; lastKnownFileType = sourcecode.c.h; path = math_func.h; sourceTree = "<group>"; };
		4C50601F1EBC4ABF004A08B9 /* nms.h */ = {isa = PBXFileReference; fileEncoding = 4; lastKnownFileType = sourcecode.c.h; path = nms.h; sourceTree = "<group>"; };
		4CA4999A1ECAEBA8005D1368 /* libfreetype.6.dylib */ = {isa = PBXFileReference; lastKnownFileType = "compiled.mach-o.dylib"; name = libfreetype.6.dylib; path = ../../../../usr/local/Cellar/freetype/2.7.1/lib/libfreetype.6.dylib; sourceTree = "<group>"; };
		4CF61DEC1EC55B2E00B75E1F /* LivenessDetection.cpp */ = {isa = PBXFileReference; fileEncoding = 4; lastKnownFileType = sourcecode.cpp.cpp; name = LivenessDetection.cpp; path = LivenessDetection/LivenessDetection.cpp; sourceTree = "<group>"; };
		4CF61DED1EC55B2E00B75E1F /* LivenessDetection.hpp */ = {isa = PBXFileReference; fileEncoding = 4; lastKnownFileType = sourcecode.cpp.h; name = LivenessDetection.hpp; path = LivenessDetection/LivenessDetection.hpp; sourceTree = "<group>"; };
		4CFF5ED61EBAFB75002F4DA8 /* FaceLivenessDetection */ = {isa = PBXFileReference; explicitFileType = "compiled.mach-o.executable"; includeInIndex = 0; path = FaceLivenessDetection; sourceTree = BUILT_PRODUCTS_DIR; };
		4CFF5EE01EBAFC3E002F4DA8 /* LivenessDetection.cpp */ = {isa = PBXFileReference; fileEncoding = 4; lastKnownFileType = sourcecode.cpp.cpp; path = LivenessDetection.cpp; sourceTree = "<group>"; };
		4CFF5F4E1EBAFCB3002F4DA8 /* CCNF_patch_expert.cpp */ = {isa = PBXFileReference; fileEncoding = 4; lastKnownFileType = sourcecode.cpp.cpp; name = CCNF_patch_expert.cpp; path = LandmarkDetector/src/CCNF_patch_expert.cpp; sourceTree = "<group>"; };
		4CFF5F4F1EBAFCB3002F4DA8 /* LandmarkDetectionValidator.cpp */ = {isa = PBXFileReference; fileEncoding = 4; lastKnownFileType = sourcecode.cpp.cpp; name = LandmarkDetectionValidator.cpp; path = LandmarkDetector/src/LandmarkDetectionValidator.cpp; sourceTree = "<group>"; };
		4CFF5F501EBAFCB3002F4DA8 /* LandmarkDetectorFunc.cpp */ = {isa = PBXFileReference; fileEncoding = 4; lastKnownFileType = sourcecode.cpp.cpp; name = LandmarkDetectorFunc.cpp; path = LandmarkDetector/src/LandmarkDetectorFunc.cpp; sourceTree = "<group>"; };
		4CFF5F511EBAFCB3002F4DA8 /* LandmarkDetectorModel.cpp */ = {isa = PBXFileReference; fileEncoding = 4; lastKnownFileType = sourcecode.cpp.cpp; name = LandmarkDetectorModel.cpp; path = LandmarkDetector/src/LandmarkDetectorModel.cpp; sourceTree = "<group>"; };
		4CFF5F521EBAFCB3002F4DA8 /* LandmarkDetectorParameters.cpp */ = {isa = PBXFileReference; fileEncoding = 4; lastKnownFileType = sourcecode.cpp.cpp; name = LandmarkDetectorParameters.cpp; path = LandmarkDetector/src/LandmarkDetectorParameters.cpp; sourceTree = "<group>"; };
		4CFF5F531EBAFCB3002F4DA8 /* LandmarkDetectorUtils.cpp */ = {isa = PBXFileReference; fileEncoding = 4; lastKnownFileType = sourcecode.cpp.cpp; name = LandmarkDetectorUtils.cpp; path = LandmarkDetector/src/LandmarkDetectorUtils.cpp; sourceTree = "<group>"; };
		4CFF5F541EBAFCB3002F4DA8 /* Patch_experts.cpp */ = {isa = PBXFileReference; fileEncoding = 4; lastKnownFileType = sourcecode.cpp.cpp; name = Patch_experts.cpp; path = LandmarkDetector/src/Patch_experts.cpp; sourceTree = "<group>"; };
		4CFF5F551EBAFCB3002F4DA8 /* PAW.cpp */ = {isa = PBXFileReference; fileEncoding = 4; lastKnownFileType = sourcecode.cpp.cpp; name = PAW.cpp; path = LandmarkDetector/src/PAW.cpp; sourceTree = "<group>"; };
		4CFF5F561EBAFCB3002F4DA8 /* PDM.cpp */ = {isa = PBXFileReference; fileEncoding = 4; lastKnownFileType = sourcecode.cpp.cpp; name = PDM.cpp; path = LandmarkDetector/src/PDM.cpp; sourceTree = "<group>"; };
		4CFF5F571EBAFCB3002F4DA8 /* stdafx.cpp */ = {isa = PBXFileReference; fileEncoding = 4; lastKnownFileType = sourcecode.cpp.cpp; name = stdafx.cpp; path = LandmarkDetector/src/stdafx.cpp; sourceTree = "<group>"; };
		4CFF5F581EBAFCB3002F4DA8 /* SVR_patch_expert.cpp */ = {isa = PBXFileReference; fileEncoding = 4; lastKnownFileType = sourcecode.cpp.cpp; name = SVR_patch_expert.cpp; path = LandmarkDetector/src/SVR_patch_expert.cpp; sourceTree = "<group>"; };
		4CFF5F641EBAFCC2002F4DA8 /* CCNF_patch_expert.h */ = {isa = PBXFileReference; fileEncoding = 4; lastKnownFileType = sourcecode.c.h; name = CCNF_patch_expert.h; path = LandmarkDetector/include/CCNF_patch_expert.h; sourceTree = "<group>"; };
		4CFF5F651EBAFCC2002F4DA8 /* LandmarkCoreIncludes.h */ = {isa = PBXFileReference; fileEncoding = 4; lastKnownFileType = sourcecode.c.h; name = LandmarkCoreIncludes.h; path = LandmarkDetector/include/LandmarkCoreIncludes.h; sourceTree = "<group>"; };
		4CFF5F661EBAFCC2002F4DA8 /* LandmarkDetectionValidator.h */ = {isa = PBXFileReference; fileEncoding = 4; lastKnownFileType = sourcecode.c.h; name = LandmarkDetectionValidator.h; path = LandmarkDetector/include/LandmarkDetectionValidator.h; sourceTree = "<group>"; };
		4CFF5F671EBAFCC2002F4DA8 /* LandmarkDetectorFunc.h */ = {isa = PBXFileReference; fileEncoding = 4; lastKnownFileType = sourcecode.c.h; name = LandmarkDetectorFunc.h; path = LandmarkDetector/include/LandmarkDetectorFunc.h; sourceTree = "<group>"; };
		4CFF5F681EBAFCC2002F4DA8 /* LandmarkDetectorModel.h */ = {isa = PBXFileReference; fileEncoding = 4; lastKnownFileType = sourcecode.c.h; name = LandmarkDetectorModel.h; path = LandmarkDetector/include/LandmarkDetectorModel.h; sourceTree = "<group>"; };
		4CFF5F691EBAFCC2002F4DA8 /* LandmarkDetectorParameters.h */ = {isa = PBXFileReference; fileEncoding = 4; lastKnownFileType = sourcecode.c.h; name = LandmarkDetectorParameters.h; path = LandmarkDetector/include/LandmarkDetectorParameters.h; sourceTree = "<group>"; };
		4CFF5F6A1EBAFCC2002F4DA8 /* LandmarkDetectorUtils.h */ = {isa = PBXFileReference; fileEncoding = 4; lastKnownFileType = sourcecode.c.h; name = LandmarkDetectorUtils.h; path = LandmarkDetector/include/LandmarkDetectorUtils.h; sourceTree = "<group>"; };
		4CFF5F6B1EBAFCC2002F4DA8 /* Patch_experts.h */ = {isa = PBXFileReference; fileEncoding = 4; lastKnownFileType = sourcecode.c.h; name = Patch_experts.h; path = LandmarkDetector/include/Patch_experts.h; sourceTree = "<group>"; };
		4CFF5F6C1EBAFCC2002F4DA8 /* PAW.h */ = {isa = PBXFileReference; fileEncoding = 4; lastKnownFileType = sourcecode.c.h; name = PAW.h; path = LandmarkDetector/include/PAW.h; sourceTree = "<group>"; };
		4CFF5F6D1EBAFCC2002F4DA8 /* PDM.h */ = {isa = PBXFileReference; fileEncoding = 4; lastKnownFileType = sourcecode.c.h; name = PDM.h; path = LandmarkDetector/include/PDM.h; sourceTree = "<group>"; };
		4CFF5F6E1EBAFCC2002F4DA8 /* stdafx.h */ = {isa = PBXFileReference; fileEncoding = 4; lastKnownFileType = sourcecode.c.h; name = stdafx.h; path = LandmarkDetector/include/stdafx.h; sourceTree = "<group>"; };
		4CFF5F6F1EBAFCC2002F4DA8 /* SVR_patch_expert.h */ = {isa = PBXFileReference; fileEncoding = 4; lastKnownFileType = sourcecode.c.h; name = SVR_patch_expert.h; path = LandmarkDetector/include/SVR_patch_expert.h; sourceTree = "<group>"; };
		4CFF61611EBB1F35002F4DA8 /* libopencv_core.3.2.0.dylib */ = {isa = PBXFileReference; lastKnownFileType = "compiled.mach-o.dylib"; name = libopencv_core.3.2.0.dylib; path = FaceLivenessDetection/lib/libopencv_core.3.2.0.dylib; sourceTree = "<group>"; };
		4CFF61621EBB1F35002F4DA8 /* libopencv_highgui.3.2.0.dylib */ = {isa = PBXFileReference; lastKnownFileType = "compiled.mach-o.dylib"; name = libopencv_highgui.3.2.0.dylib; path = FaceLivenessDetection/lib/libopencv_highgui.3.2.0.dylib; sourceTree = "<group>"; };
		4CFF61641EBB1F35002F4DA8 /* libopencv_objdetect.3.2.0.dylib */ = {isa = PBXFileReference; lastKnownFileType = "compiled.mach-o.dylib"; name = libopencv_objdetect.3.2.0.dylib; path = FaceLivenessDetection/lib/libopencv_objdetect.3.2.0.dylib; sourceTree = "<group>"; };
		4CFF61651EBB1F35002F4DA8 /* libopencv_optflow.3.2.0.dylib */ = {isa = PBXFileReference; lastKnownFileType = "compiled.mach-o.dylib"; name = libopencv_optflow.3.2.0.dylib; path = FaceLivenessDetection/lib/libopencv_optflow.3.2.0.dylib; sourceTree = "<group>"; };
/* End PBXFileReference section */

/* Begin PBXFrameworksBuildPhase section */
		4CFF5ED31EBAFB75002F4DA8 /* Frameworks */ = {
			isa = PBXFrameworksBuildPhase;
			buildActionMask = 2147483647;
			files = (
				4C2F79B41EC476C7002D7AC3 /* libopencv_imgproc.3.2.0.dylib in Frameworks */,
				4CFF61691EBB1F35002F4DA8 /* libopencv_highgui.3.2.0.dylib in Frameworks */,
				4CA4999B1ECAEBA8005D1368 /* libfreetype.6.dylib in Frameworks */,
				4C2F79BA1EC4787B002D7AC3 /* libopencv_video.3.2.0.dylib in Frameworks */,
				4CFF61681EBB1F35002F4DA8 /* libopencv_core.3.2.0.dylib in Frameworks */,
				4C2F79BC1EC4789A002D7AC3 /* libopencv_calib3d.3.2.0.dylib in Frameworks */,
				4CFF616B1EBB1F35002F4DA8 /* libopencv_objdetect.3.2.0.dylib in Frameworks */,
				4CFF616C1EBB1F35002F4DA8 /* libopencv_optflow.3.2.0.dylib in Frameworks */,
				4C2FC7F61EC0100E0098F89F /* libopencv_imgcodecs.3.2.0.dylib in Frameworks */,
				4C2F79B81EC47861002D7AC3 /* libopencv_videoio.3.2.0.dylib in Frameworks */,
			);
			runOnlyForDeploymentPostprocessing = 0;
		};
/* End PBXFrameworksBuildPhase section */

/* Begin PBXGroup section */
		4C505FEB1EBC4A6B004A08B9 /* seetaFace */ = {
			isa = PBXGroup;
			children = (
				4C50600A1EBC4AA5004A08B9 /* include */,
				4C505FEC1EBC4A76004A08B9 /* src */,
			);
			name = seetaFace;
			sourceTree = "<group>";
		};
		4C505FEC1EBC4A76004A08B9 /* src */ = {
			isa = PBXGroup;
			children = (
				4C505FED1EBC4A99004A08B9 /* classifier */,
				4C505FF11EBC4A99004A08B9 /* face_detection.cpp */,
				4C505FF21EBC4A99004A08B9 /* feat */,
				4C505FF51EBC4A99004A08B9 /* fust.cpp */,
				4C505FF61EBC4A99004A08B9 /* io */,
				4C505FFB1EBC4A99004A08B9 /* util */,
			);
			name = src;
			sourceTree = "<group>";
		};
		4C505FED1EBC4A99004A08B9 /* classifier */ = {
			isa = PBXGroup;
			children = (
				4C505FEE1EBC4A99004A08B9 /* lab_boosted_classifier.cpp */,
				4C505FEF1EBC4A99004A08B9 /* mlp.cpp */,
				4C505FF01EBC4A99004A08B9 /* surf_mlp.cpp */,
			);
			name = classifier;
			path = seetaFace/src/classifier;
			sourceTree = "<group>";
		};
		4C505FF21EBC4A99004A08B9 /* feat */ = {
			isa = PBXGroup;
			children = (
				4C505FF31EBC4A99004A08B9 /* lab_feature_map.cpp */,
				4C505FF41EBC4A99004A08B9 /* surf_feature_map.cpp */,
			);
			name = feat;
			path = seetaFace/src/feat;
			sourceTree = "<group>";
		};
		4C505FF61EBC4A99004A08B9 /* io */ = {
			isa = PBXGroup;
			children = (
				4C505FF71EBC4A99004A08B9 /* lab_boost_model_reader.cpp */,
				4C505FF81EBC4A99004A08B9 /* surf_mlp_model_reader.cpp */,
			);
			name = io;
			path = seetaFace/src/io;
			sourceTree = "<group>";
		};
		4C505FFB1EBC4A99004A08B9 /* util */ = {
			isa = PBXGroup;
			children = (
				4C505FFC1EBC4A99004A08B9 /* image_pyramid.cpp */,
				4C505FFD1EBC4A99004A08B9 /* nms.cpp */,
			);
			name = util;
			path = seetaFace/src/util;
			sourceTree = "<group>";
		};
		4C50600A1EBC4AA5004A08B9 /* include */ = {
			isa = PBXGroup;
			children = (
				4C50600B1EBC4ABF004A08B9 /* classifier */,
				4C50600F1EBC4ABF004A08B9 /* classifier.h */,
				4C5060101EBC4ABF004A08B9 /* common.h */,
				4C5060111EBC4ABF004A08B9 /* detector.h */,
				4C5060121EBC4ABF004A08B9 /* face_detection.h */,
				4C5060131EBC4ABF004A08B9 /* feat */,
				4C5060161EBC4ABF004A08B9 /* feature_map.h */,
				4C5060171EBC4ABF004A08B9 /* fust.h */,
				4C5060181EBC4ABF004A08B9 /* io */,
				4C50601B1EBC4ABF004A08B9 /* model_reader.h */,
				4C50601C1EBC4ABF004A08B9 /* util */,
			);
			name = include;
			sourceTree = "<group>";
		};
		4C50600B1EBC4ABF004A08B9 /* classifier */ = {
			isa = PBXGroup;
			children = (
				4C50600C1EBC4ABF004A08B9 /* lab_boosted_classifier.h */,
				4C50600D1EBC4ABF004A08B9 /* mlp.h */,
				4C50600E1EBC4ABF004A08B9 /* surf_mlp.h */,
			);
			name = classifier;
			path = seetaFace/include/classifier;
			sourceTree = "<group>";
		};
		4C5060131EBC4ABF004A08B9 /* feat */ = {
			isa = PBXGroup;
			children = (
				4C5060141EBC4ABF004A08B9 /* lab_feature_map.h */,
				4C5060151EBC4ABF004A08B9 /* surf_feature_map.h */,
			);
			name = feat;
			path = seetaFace/include/feat;
			sourceTree = "<group>";
		};
		4C5060181EBC4ABF004A08B9 /* io */ = {
			isa = PBXGroup;
			children = (
				4C5060191EBC4ABF004A08B9 /* lab_boost_model_reader.h */,
				4C50601A1EBC4ABF004A08B9 /* surf_mlp_model_reader.h */,
			);
			name = io;
			path = seetaFace/include/io;
			sourceTree = "<group>";
		};
		4C50601C1EBC4ABF004A08B9 /* util */ = {
			isa = PBXGroup;
			children = (
				4C50601D1EBC4ABF004A08B9 /* image_pyramid.h */,
				4C50601E1EBC4ABF004A08B9 /* math_func.h */,
				4C50601F1EBC4ABF004A08B9 /* nms.h */,
			);
			name = util;
			path = seetaFace/include/util;
			sourceTree = "<group>";
		};
		4CF61DEA1EC55AF600B75E1F /* LivenessDetection */ = {
			isa = PBXGroup;
			children = (
				4CF61DEC1EC55B2E00B75E1F /* LivenessDetection.cpp */,
				4CF61DED1EC55B2E00B75E1F /* LivenessDetection.hpp */,
			);
			name = LivenessDetection;
			sourceTree = "<group>";
		};
		4CFF5ECD1EBAFB75002F4DA8 = {
			isa = PBXGroup;
			children = (
				4CFF5F891EBB01F4002F4DA8 /* lib */,
				4CFF5ED81EBAFB75002F4DA8 /* FaceLivenessDetection */,
				4CFF5ED71EBAFB75002F4DA8 /* Products */,
			);
			sourceTree = "<group>";
		};
		4CFF5ED71EBAFB75002F4DA8 /* Products */ = {
			isa = PBXGroup;
			children = (
				4CFF5ED61EBAFB75002F4DA8 /* FaceLivenessDetection */,
			);
			name = Products;
			sourceTree = "<group>";
		};
		4CFF5ED81EBAFB75002F4DA8 /* FaceLivenessDetection */ = {
			isa = PBXGroup;
			children = (
				4CF61DEA1EC55AF600B75E1F /* LivenessDetection */,
				4C505FEB1EBC4A6B004A08B9 /* seetaFace */,
				4CFF5EE31EBAFC50002F4DA8 /* LandmarkDetector */,
				4CFF5EE01EBAFC3E002F4DA8 /* LivenessDetection.cpp */,
			);
			path = FaceLivenessDetection;
			sourceTree = "<group>";
		};
		4CFF5EE31EBAFC50002F4DA8 /* LandmarkDetector */ = {
			isa = PBXGroup;
			children = (
				4CFF5EE51EBAFC67002F4DA8 /* src */,
				4CFF5EE41EBAFC5F002F4DA8 /* include */,
			);
			name = LandmarkDetector;
			sourceTree = "<group>";
		};
		4CFF5EE41EBAFC5F002F4DA8 /* include */ = {
			isa = PBXGroup;
			children = (
				4CFF5F641EBAFCC2002F4DA8 /* CCNF_patch_expert.h */,
				4CFF5F651EBAFCC2002F4DA8 /* LandmarkCoreIncludes.h */,
				4CFF5F661EBAFCC2002F4DA8 /* LandmarkDetectionValidator.h */,
				4CFF5F671EBAFCC2002F4DA8 /* LandmarkDetectorFunc.h */,
				4CFF5F681EBAFCC2002F4DA8 /* LandmarkDetectorModel.h */,
				4CFF5F691EBAFCC2002F4DA8 /* LandmarkDetectorParameters.h */,
				4CFF5F6A1EBAFCC2002F4DA8 /* LandmarkDetectorUtils.h */,
				4CFF5F6B1EBAFCC2002F4DA8 /* Patch_experts.h */,
				4CFF5F6C1EBAFCC2002F4DA8 /* PAW.h */,
				4CFF5F6D1EBAFCC2002F4DA8 /* PDM.h */,
				4CFF5F6E1EBAFCC2002F4DA8 /* stdafx.h */,
				4CFF5F6F1EBAFCC2002F4DA8 /* SVR_patch_expert.h */,
			);
			name = include;
			sourceTree = "<group>";
		};
		4CFF5EE51EBAFC67002F4DA8 /* src */ = {
			isa = PBXGroup;
			children = (
				4CFF5F4E1EBAFCB3002F4DA8 /* CCNF_patch_expert.cpp */,
				4CFF5F4F1EBAFCB3002F4DA8 /* LandmarkDetectionValidator.cpp */,
				4CFF5F501EBAFCB3002F4DA8 /* LandmarkDetectorFunc.cpp */,
				4CFF5F511EBAFCB3002F4DA8 /* LandmarkDetectorModel.cpp */,
				4CFF5F521EBAFCB3002F4DA8 /* LandmarkDetectorParameters.cpp */,
				4CFF5F531EBAFCB3002F4DA8 /* LandmarkDetectorUtils.cpp */,
				4CFF5F541EBAFCB3002F4DA8 /* Patch_experts.cpp */,
				4CFF5F551EBAFCB3002F4DA8 /* PAW.cpp */,
				4CFF5F561EBAFCB3002F4DA8 /* PDM.cpp */,
				4CFF5F571EBAFCB3002F4DA8 /* stdafx.cpp */,
				4CFF5F581EBAFCB3002F4DA8 /* SVR_patch_expert.cpp */,
			);
			name = src;
			sourceTree = "<group>";
		};
		4CFF5F891EBB01F4002F4DA8 /* lib */ = {
			isa = PBXGroup;
			children = (
				4CA4999A1ECAEBA8005D1368 /* libfreetype.6.dylib */,
				4C2F79BB1EC4789A002D7AC3 /* libopencv_calib3d.3.2.0.dylib */,
				4C2F79B91EC4787B002D7AC3 /* libopencv_video.3.2.0.dylib */,
				4C2F79B71EC47861002D7AC3 /* libopencv_videoio.3.2.0.dylib */,
				4C2F79B31EC476C7002D7AC3 /* libopencv_imgproc.3.2.0.dylib */,
				4C2FC7F51EC0100E0098F89F /* libopencv_imgcodecs.3.2.0.dylib */,
				4CFF61611EBB1F35002F4DA8 /* libopencv_core.3.2.0.dylib */,
				4CFF61621EBB1F35002F4DA8 /* libopencv_highgui.3.2.0.dylib */,
				4CFF61641EBB1F35002F4DA8 /* libopencv_objdetect.3.2.0.dylib */,
				4CFF61651EBB1F35002F4DA8 /* libopencv_optflow.3.2.0.dylib */,
			);
			name = lib;
			sourceTree = "<group>";
		};
/* End PBXGroup section */

/* Begin PBXNativeTarget section */
		4CFF5ED51EBAFB75002F4DA8 /* FaceLivenessDetection */ = {
			isa = PBXNativeTarget;
			buildConfigurationList = 4CFF5EDD1EBAFB75002F4DA8 /* Build configuration list for PBXNativeTarget "FaceLivenessDetection" */;
			buildPhases = (
				4CFF5ED21EBAFB75002F4DA8 /* Sources */,
				4CFF5ED31EBAFB75002F4DA8 /* Frameworks */,
				4CFF5ED41EBAFB75002F4DA8 /* CopyFiles */,
			);
			buildRules = (
			);
			dependencies = (
			);
			name = FaceLivenessDetection;
			productName = FaceLivenessDetection;
			productReference = 4CFF5ED61EBAFB75002F4DA8 /* FaceLivenessDetection */;
			productType = "com.apple.product-type.tool";
		};
/* End PBXNativeTarget section */

/* Begin PBXProject section */
		4CFF5ECE1EBAFB75002F4DA8 /* Project object */ = {
			isa = PBXProject;
			attributes = {
				LastUpgradeCheck = 0830;
				ORGANIZATIONNAME = "刘岩";
				TargetAttributes = {
					4CFF5ED51EBAFB75002F4DA8 = {
						CreatedOnToolsVersion = 8.3.1;
						DevelopmentTeam = AZWRN75J2B;
						ProvisioningStyle = Automatic;
					};
				};
			};
			buildConfigurationList = 4CFF5ED11EBAFB75002F4DA8 /* Build configuration list for PBXProject "FaceLivenessDetection" */;
			compatibilityVersion = "Xcode 3.2";
			developmentRegion = English;
			hasScannedForEncodings = 0;
			knownRegions = (
				en,
			);
			mainGroup = 4CFF5ECD1EBAFB75002F4DA8;
			productRefGroup = 4CFF5ED71EBAFB75002F4DA8 /* Products */;
			projectDirPath = "";
			projectRoot = "";
			targets = (
				4CFF5ED51EBAFB75002F4DA8 /* FaceLivenessDetection */,
			);
		};
/* End PBXProject section */

/* Begin PBXSourcesBuildPhase section */
		4CFF5ED21EBAFB75002F4DA8 /* Sources */ = {
			isa = PBXSourcesBuildPhase;
			buildActionMask = 2147483647;
			files = (
				4C5060011EBC4A9A004A08B9 /* face_detection.cpp in Sources */,
				4C5060031EBC4A9A004A08B9 /* surf_feature_map.cpp in Sources */,
				4CFF5F591EBAFCB3002F4DA8 /* CCNF_patch_expert.cpp in Sources */,
				4CFF5F5C1EBAFCB3002F4DA8 /* LandmarkDetectorModel.cpp in Sources */,
				4C5060001EBC4A9A004A08B9 /* surf_mlp.cpp in Sources */,
				4CFF5F5B1EBAFCB3002F4DA8 /* LandmarkDetectorFunc.cpp in Sources */,
				4C5060091EBC4A9A004A08B9 /* nms.cpp in Sources */,
				4C5060051EBC4A9A004A08B9 /* lab_boost_model_reader.cpp in Sources */,
				4CFF5F5D1EBAFCB3002F4DA8 /* LandmarkDetectorParameters.cpp in Sources */,
				4CFF5F5F1EBAFCB3002F4DA8 /* Patch_experts.cpp in Sources */,
				4C5060021EBC4A9A004A08B9 /* lab_feature_map.cpp in Sources */,
				4CFF5EE11EBAFC3E002F4DA8 /* LivenessDetection.cpp in Sources */,
				4CFF5F631EBAFCB3002F4DA8 /* SVR_patch_expert.cpp in Sources */,
				4C5060081EBC4A9A004A08B9 /* image_pyramid.cpp in Sources */,
				4CFF5F601EBAFCB3002F4DA8 /* PAW.cpp in Sources */,
				4CFF5F611EBAFCB3002F4DA8 /* PDM.cpp in Sources */,
				4C5060041EBC4A9A004A08B9 /* fust.cpp in Sources */,
				4CFF5F621EBAFCB3002F4DA8 /* stdafx.cpp in Sources */,
				4C505FFE1EBC4A9A004A08B9 /* lab_boosted_classifier.cpp in Sources */,
				4C505FFF1EBC4A9A004A08B9 /* mlp.cpp in Sources */,
				4CFF5F5A1EBAFCB3002F4DA8 /* LandmarkDetectionValidator.cpp in Sources */,
				4C5060061EBC4A9A004A08B9 /* surf_mlp_model_reader.cpp in Sources */,
				4CF61DEE1EC55B2E00B75E1F /* LivenessDetection.cpp in Sources */,
				4CFF5F5E1EBAFCB3002F4DA8 /* LandmarkDetectorUtils.cpp in Sources */,
			);
			runOnlyForDeploymentPostprocessing = 0;
		};
/* End PBXSourcesBuildPhase section */

/* Begin XCBuildConfiguration section */
		4CFF5EDB1EBAFB75002F4DA8 /* Debug */ = {
			isa = XCBuildConfiguration;
			buildSettings = {
				ALWAYS_SEARCH_USER_PATHS = NO;
				CLANG_ANALYZER_NONNULL = YES;
				CLANG_ANALYZER_NUMBER_OBJECT_CONVERSION = YES_AGGRESSIVE;
				CLANG_CXX_LANGUAGE_STANDARD = "gnu++0x";
				CLANG_CXX_LIBRARY = "libc++";
				CLANG_ENABLE_MODULES = YES;
				CLANG_ENABLE_OBJC_ARC = YES;
				CLANG_WARN_BOOL_CONVERSION = YES;
				CLANG_WARN_CONSTANT_CONVERSION = YES;
				CLANG_WARN_DIRECT_OBJC_ISA_USAGE = YES_ERROR;
				CLANG_WARN_DOCUMENTATION_COMMENTS = YES;
				CLANG_WARN_EMPTY_BODY = YES;
				CLANG_WARN_ENUM_CONVERSION = YES;
				CLANG_WARN_INFINITE_RECURSION = YES;
				CLANG_WARN_INT_CONVERSION = YES;
				CLANG_WARN_OBJC_ROOT_CLASS = YES_ERROR;
				CLANG_WARN_SUSPICIOUS_MOVE = YES;
				CLANG_WARN_UNREACHABLE_CODE = YES;
				CLANG_WARN__DUPLICATE_METHOD_MATCH = YES;
				CODE_SIGN_IDENTITY = "-";
				COPY_PHASE_STRIP = NO;
				DEBUG_INFORMATION_FORMAT = dwarf;
				ENABLE_STRICT_OBJC_MSGSEND = YES;
				ENABLE_TESTABILITY = YES;
				GCC_C_LANGUAGE_STANDARD = gnu99;
				GCC_DYNAMIC_NO_PIC = NO;
				GCC_NO_COMMON_BLOCKS = YES;
				GCC_OPTIMIZATION_LEVEL = 0;
				GCC_PREPROCESSOR_DEFINITIONS = (
					"DEBUG=1",
					"$(inherited)",
				);
				GCC_WARN_64_TO_32_BIT_CONVERSION = YES;
				GCC_WARN_ABOUT_RETURN_TYPE = YES_ERROR;
				GCC_WARN_UNDECLARED_SELECTOR = YES;
				GCC_WARN_UNINITIALIZED_AUTOS = YES_AGGRESSIVE;
				GCC_WARN_UNUSED_FUNCTION = YES;
				GCC_WARN_UNUSED_VARIABLE = YES;
				MACOSX_DEPLOYMENT_TARGET = 10.12;
				MTL_ENABLE_DEBUG_INFO = YES;
				ONLY_ACTIVE_ARCH = YES;
				SDKROOT = macosx;
			};
			name = Debug;
		};
		4CFF5EDC1EBAFB75002F4DA8 /* Release */ = {
			isa = XCBuildConfiguration;
			buildSettings = {
				ALWAYS_SEARCH_USER_PATHS = NO;
				CLANG_ANALYZER_NONNULL = YES;
				CLANG_ANALYZER_NUMBER_OBJECT_CONVERSION = YES_AGGRESSIVE;
				CLANG_CXX_LANGUAGE_STANDARD = "gnu++0x";
				CLANG_CXX_LIBRARY = "libc++";
				CLANG_ENABLE_MODULES = YES;
				CLANG_ENABLE_OBJC_ARC = YES;
				CLANG_WARN_BOOL_CONVERSION = YES;
				CLANG_WARN_CONSTANT_CONVERSION = YES;
				CLANG_WARN_DIRECT_OBJC_ISA_USAGE = YES_ERROR;
				CLANG_WARN_DOCUMENTATION_COMMENTS = YES;
				CLANG_WARN_EMPTY_BODY = YES;
				CLANG_WARN_ENUM_CONVERSION = YES;
				CLANG_WARN_INFINITE_RECURSION = YES;
				CLANG_WARN_INT_CONVERSION = YES;
				CLANG_WARN_OBJC_ROOT_CLASS = YES_ERROR;
				CLANG_WARN_SUSPICIOUS_MOVE = YES;
				CLANG_WARN_UNREACHABLE_CODE = YES;
				CLANG_WARN__DUPLICATE_METHOD_MATCH = YES;
				CODE_SIGN_IDENTITY = "-";
				COPY_PHASE_STRIP = NO;
				DEBUG_INFORMATION_FORMAT = "dwarf-with-dsym";
				ENABLE_NS_ASSERTIONS = NO;
				ENABLE_STRICT_OBJC_MSGSEND = YES;
				GCC_C_LANGUAGE_STANDARD = gnu99;
				GCC_NO_COMMON_BLOCKS = YES;
				GCC_WARN_64_TO_32_BIT_CONVERSION = YES;
				GCC_WARN_ABOUT_RETURN_TYPE = YES_ERROR;
				GCC_WARN_UNDECLARED_SELECTOR = YES;
				GCC_WARN_UNINITIALIZED_AUTOS = YES_AGGRESSIVE;
				GCC_WARN_UNUSED_FUNCTION = YES;
				GCC_WARN_UNUSED_VARIABLE = YES;
				MACOSX_DEPLOYMENT_TARGET = 10.12;
				MTL_ENABLE_DEBUG_INFO = NO;
				SDKROOT = macosx;
			};
			name = Release;
		};
		4CFF5EDE1EBAFB75002F4DA8 /* Debug */ = {
			isa = XCBuildConfiguration;
			buildSettings = {
				DEVELOPMENT_TEAM = AZWRN75J2B;
				HEADER_SEARCH_PATHS = (
					/usr/local/include,
					/usr/local/include/opencv,
					/include,
					/Users/liuyan/Code/FaceLivenessDetection/FaceLivenessDetection/LandmarkDetector/include,
					/Users/liuyan/Desktop/OpenFace/lib/local/FaceAnalyser/./include,
					/Users/liuyan/Code/FaceLivenessDetection/FaceLivenessDetection/seetaFace/include,
				);
				LIBRARY_SEARCH_PATHS = (
					"$(inherited)",
					/usr/local/Cellar/opencv3/3.2.0/lib,
					"$(PROJECT_DIR)/FaceLivenessDetection/lib",
					/usr/local/Cellar/freetype/2.7.1/lib,
				);
				PRODUCT_NAME = "$(TARGET_NAME)";
			};
			name = Debug;
		};
		4CFF5EDF1EBAFB75002F4DA8 /* Release */ = {
			isa = XCBuildConfiguration;
			buildSettings = {
				DEVELOPMENT_TEAM = AZWRN75J2B;
				HEADER_SEARCH_PATHS = (
					/usr/local/include,
					/usr/local/include/opencv,
					/include,
					/Users/liuyan/Code/FaceLivenessDetection/FaceLivenessDetection/LandmarkDetector/include,
					/Users/liuyan/Desktop/OpenFace/lib/local/FaceAnalyser/./include,
					/Users/liuyan/Code/FaceLivenessDetection/FaceLivenessDetection/seetaFace/include,
				);
				LIBRARY_SEARCH_PATHS = (
					"$(inherited)",
					/usr/local/Cellar/opencv3/3.2.0/lib,
					"$(PROJECT_DIR)/FaceLivenessDetection/lib",
					/usr/local/Cellar/freetype/2.7.1/lib,
				);
				PRODUCT_NAME = "$(TARGET_NAME)";
			};
			name = Release;
		};
/* End XCBuildConfiguration section */

/* Begin XCConfigurationList section */
		4CFF5ED11EBAFB75002F4DA8 /* Build configuration list for PBXProject "FaceLivenessDetection" */ = {
			isa = XCConfigurationList;
			buildConfigurations = (
				4CFF5EDB1EBAFB75002F4DA8 /* Debug */,
				4CFF5EDC1EBAFB75002F4DA8 /* Release */,
			);
			defaultConfigurationIsVisible = 0;
			defaultConfigurationName = Release;
		};
		4CFF5EDD1EBAFB75002F4DA8 /* Build configuration list for PBXNativeTarget "FaceLivenessDetection" */ = {
			isa = XCConfigurationList;
			buildConfigurations = (
				4CFF5EDE1EBAFB75002F4DA8 /* Debug */,
				4CFF5EDF1EBAFB75002F4DA8 /* Release */,
			);
			defaultConfigurationIsVisible = 0;
			defaultConfigurationName = Release;
		};
/* End XCConfigurationList section */
	};
	rootObject = 4CFF5ECE1EBAFB75002F4DA8 /* Project object */;
}
